{
  "name": "node-example",
  "version": "1.0.0",
  "lockfileVersion": 2,
  "requires": true,
  "packages": {
    "": {
      "name": "node-example",
      "version": "1.0.0",
      "license": "ISC",
      "dependencies": {
        "parallelizer-function": "file:../../parallelizer-function-1.0.0.tgz"
      }
    },
    "node_modules/parallelizer-function": {
      "version": "1.0.0",
      "resolved": "file:../../parallelizer-function-1.0.0.tgz",
      "integrity": "sha512-8mFoBIf+WnX804aZ0ehuLQhxkDpqH4ipXXy4m03Xwqy/CTqePeLYch/13FLwIt8AZ8s+3m0Fhv7NQzvTOjcX3g==",
      "license": "MIT"
    }
  },
  "dependencies": {
    "parallelizer-function": {
      "version": "file:../../parallelizer-function-1.0.0.tgz",
      "integrity": "sha512-8mFoBIf+WnX804aZ0ehuLQhxkDpqH4ipXXy4m03Xwqy/CTqePeLYch/13FLwIt8AZ8s+3m0Fhv7NQzvTOjcX3g=="
    }
  }
}
