{
  "name": "node-example",
  "version": "1.0.0",
  "lockfileVersion": 2,
  "requires": true,
  "packages": {
    "": {
      "name": "node-example",
      "version": "1.0.0",
      "license": "ISC",
      "dependencies": {
        "parallelizer-function": "file:../../parallelizer-function-0.0.1.dev.tgz"
      }
    },
    "node_modules/parallelizer-function": {
      "version": "0.0.1.dev",
      "resolved": "file:../../parallelizer-function-0.0.1.dev.tgz",
      "integrity": "sha512-tfAc7Z+VZyCjbS0jSBuOLQTATdmo6oHfJl82jW5PdCMm0SYTrjZ3lGadE84Suw9tS2rJCtaUQkPs/zt2BFNSeQ==",
      "license": "MIT"
    }
  },
  "dependencies": {
    "parallelizer-function": {
      "version": "file:../../parallelizer-function-0.0.1.dev.tgz",
      "integrity": "sha512-tfAc7Z+VZyCjbS0jSBuOLQTATdmo6oHfJl82jW5PdCMm0SYTrjZ3lGadE84Suw9tS2rJCtaUQkPs/zt2BFNSeQ=="
    }
  }
}
